
Microsoft Visual Studio Solution File, Format Version 12.00
# Visual Studio Version 17
VisualStudioVersion = 17.8.34330.188
MinimumVisualStudioVersion = 10.0.40219.1
Project("{FAE04EC0-301F-11D3-BF4B-00C04F79EFBC}") = "WebApp06febAssess", "WebApp06febAssess\WebApp06febAssess.csproj", "{C2CBCB80-7EF8-407E-9D9D-80975D1789C3}"
EndProject
Global
	GlobalSection(SolutionConfigurationPlatforms) = preSolution
		Debug|Any CPU = Debug|Any CPU
		Release|Any CPU = Release|Any CPU
	EndGlobalSection
	GlobalSection(ProjectConfigurationPlatforms) = postSolution
		{C2CBCB80-7EF8-407E-9D9D-80975D1789C3}.Debug|Any CPU.ActiveCfg = Debug|Any CPU
		{C2CBCB80-7EF8-407E-9D9D-80975D1789C3}.Debug|Any CPU.Build.0 = Debug|Any CPU
		{C2CBCB80-7EF8-407E-9D9D-80975D1789C3}.Release|Any CPU.ActiveCfg = Release|Any CPU
		{C2CBCB80-7EF8-407E-9D9D-80975D1789C3}.Release|Any CPU.Build.0 = Release|Any CPU
	EndGlobalSection
	GlobalSection(SolutionProperties) = preSolution
		HideSolutionNode = FALSE
	EndGlobalSection
	GlobalSection(ExtensibilityGlobals) = postSolution
		SolutionGuid = {1B9BF8A0-6128-48E5-803F-47C5A05493DA}
	EndGlobalSection
EndGlobal
